
Microsoft Visual Studio Solution File, Format Version 12.00
# Visual Studio Version 17
VisualStudioVersion = 17.11.35219.272
MinimumVisualStudioVersion = 10.0.40219.1
Project("{FAE04EC0-301F-11D3-BF4B-00C04F79EFBC}") = "Kebab", "Kebab\Kebab.csproj", "{A3657B5C-C4AF-4992-AB15-9A90BB04643A}"
EndProject
Global
	GlobalSection(SolutionConfigurationPlatforms) = preSolution
		Debug|Any CPU = Debug|Any CPU
		Release|Any CPU = Release|Any CPU
	EndGlobalSection
	GlobalSection(ProjectConfigurationPlatforms) = postSolution
		{A3657B5C-C4AF-4992-AB15-9A90BB04643A}.Debug|Any CPU.ActiveCfg = Debug|Any CPU
		{A3657B5C-C4AF-4992-AB15-9A90BB04643A}.Debug|Any CPU.Build.0 = Debug|Any CPU
		{A3657B5C-C4AF-4992-AB15-9A90BB04643A}.Release|Any CPU.ActiveCfg = Release|Any CPU
		{A3657B5C-C4AF-4992-AB15-9A90BB04643A}.Release|Any CPU.Build.0 = Release|Any CPU
	EndGlobalSection
	GlobalSection(SolutionProperties) = preSolution
		HideSolutionNode = FALSE
	EndGlobalSection
	GlobalSection(ExtensibilityGlobals) = postSolution
		SolutionGuid = {96E638CF-23A4-4091-977D-BDB659CCDE81}
	EndGlobalSection
EndGlobal
